
Microsoft Visual Studio Solution File, Format Version 12.00
# Visual Studio Version 17
VisualStudioVersion = 17.4.33122.133
MinimumVisualStudioVersion = 10.0.40219.1
Project("{9A19103F-16F7-4668-BE54-9A1E7A4F7556}") = "Farm", "SingleInheritance\Farm.csproj", "{887617DF-078F-4CED-AE33-5DB36139E37D}"
EndProject
Project("{FAE04EC0-301F-11D3-BF4B-00C04F79EFBC}") = "CustomRandomList", "CustomRandomList\CustomRandomList.csproj", "{F0965D2B-3513-4C88-AA18-283BE893537D}"
EndProject
Project("{FAE04EC0-301F-11D3-BF4B-00C04F79EFBC}") = "CustomStack", "CustomStack\CustomStack.csproj", "{41FE8ECA-C642-4698-9051-6E10D6B66F79}"
EndProject
Global
	GlobalSection(SolutionConfigurationPlatforms) = preSolution
		Debug|Any CPU = Debug|Any CPU
		Release|Any CPU = Release|Any CPU
	EndGlobalSection
	GlobalSection(ProjectConfigurationPlatforms) = postSolution
		{887617DF-078F-4CED-AE33-5DB36139E37D}.Debug|Any CPU.ActiveCfg = Debug|Any CPU
		{887617DF-078F-4CED-AE33-5DB36139E37D}.Debug|Any CPU.Build.0 = Debug|Any CPU
		{887617DF-078F-4CED-AE33-5DB36139E37D}.Release|Any CPU.ActiveCfg = Release|Any CPU
		{887617DF-078F-4CED-AE33-5DB36139E37D}.Release|Any CPU.Build.0 = Release|Any CPU
		{F0965D2B-3513-4C88-AA18-283BE893537D}.Debug|Any CPU.ActiveCfg = Debug|Any CPU
		{F0965D2B-3513-4C88-AA18-283BE893537D}.Debug|Any CPU.Build.0 = Debug|Any CPU
		{F0965D2B-3513-4C88-AA18-283BE893537D}.Release|Any CPU.ActiveCfg = Release|Any CPU
		{F0965D2B-3513-4C88-AA18-283BE893537D}.Release|Any CPU.Build.0 = Release|Any CPU
		{41FE8ECA-C642-4698-9051-6E10D6B66F79}.Debug|Any CPU.ActiveCfg = Debug|Any CPU
		{41FE8ECA-C642-4698-9051-6E10D6B66F79}.Debug|Any CPU.Build.0 = Debug|Any CPU
		{41FE8ECA-C642-4698-9051-6E10D6B66F79}.Release|Any CPU.ActiveCfg = Release|Any CPU
		{41FE8ECA-C642-4698-9051-6E10D6B66F79}.Release|Any CPU.Build.0 = Release|Any CPU
	EndGlobalSection
	GlobalSection(SolutionProperties) = preSolution
		HideSolutionNode = FALSE
	EndGlobalSection
	GlobalSection(ExtensibilityGlobals) = postSolution
		SolutionGuid = {DB54ECD0-B6D7-4985-85C4-D4AA6CE38619}
	EndGlobalSection
EndGlobal
