
Microsoft Visual Studio Solution File, Format Version 12.00
# Visual Studio Version 17
VisualStudioVersion = 17.4.33122.133
MinimumVisualStudioVersion = 10.0.40219.1
Project("{9A19103F-16F7-4668-BE54-9A1E7A4F7556}") = "AnimalFarm", "AnimalFarm\AnimalFarm.csproj", "{9F3A2AD9-BD29-4728-B2DE-DF94C86E5B2B}"
EndProject
Project("{9A19103F-16F7-4668-BE54-9A1E7A4F7556}") = "01.ClassBoxData", "01.ClassBoxData\01.ClassBoxData.csproj", "{96D3963A-A2E7-4D29-9198-10378E1CF6FD}"
EndProject
Project("{9A19103F-16F7-4668-BE54-9A1E7A4F7556}") = "ShoppingSpree", "ShoppingSpree\ShoppingSpree.csproj", "{113885AC-47C8-498C-9F94-57E5D8659890}"
EndProject
Project("{FAE04EC0-301F-11D3-BF4B-00C04F79EFBC}") = "PizzaCalories", "PizzaCalories\PizzaCalories.csproj", "{B4695F44-061D-4522-ACF3-BD57A728B19F}"
EndProject
Project("{FAE04EC0-301F-11D3-BF4B-00C04F79EFBC}") = "FootballTeamGenerator", "FootballTeamGenerator\FootballTeamGenerator.csproj", "{361124C8-CBCD-463D-B447-6DA1FC6E52E6}"
EndProject
Global
	GlobalSection(SolutionConfigurationPlatforms) = preSolution
		Debug|Any CPU = Debug|Any CPU
		Release|Any CPU = Release|Any CPU
	EndGlobalSection
	GlobalSection(ProjectConfigurationPlatforms) = postSolution
		{9F3A2AD9-BD29-4728-B2DE-DF94C86E5B2B}.Debug|Any CPU.ActiveCfg = Debug|Any CPU
		{9F3A2AD9-BD29-4728-B2DE-DF94C86E5B2B}.Debug|Any CPU.Build.0 = Debug|Any CPU
		{9F3A2AD9-BD29-4728-B2DE-DF94C86E5B2B}.Release|Any CPU.ActiveCfg = Release|Any CPU
		{9F3A2AD9-BD29-4728-B2DE-DF94C86E5B2B}.Release|Any CPU.Build.0 = Release|Any CPU
		{96D3963A-A2E7-4D29-9198-10378E1CF6FD}.Debug|Any CPU.ActiveCfg = Debug|Any CPU
		{96D3963A-A2E7-4D29-9198-10378E1CF6FD}.Debug|Any CPU.Build.0 = Debug|Any CPU
		{96D3963A-A2E7-4D29-9198-10378E1CF6FD}.Release|Any CPU.ActiveCfg = Release|Any CPU
		{96D3963A-A2E7-4D29-9198-10378E1CF6FD}.Release|Any CPU.Build.0 = Release|Any CPU
		{113885AC-47C8-498C-9F94-57E5D8659890}.Debug|Any CPU.ActiveCfg = Debug|Any CPU
		{113885AC-47C8-498C-9F94-57E5D8659890}.Debug|Any CPU.Build.0 = Debug|Any CPU
		{113885AC-47C8-498C-9F94-57E5D8659890}.Release|Any CPU.ActiveCfg = Release|Any CPU
		{113885AC-47C8-498C-9F94-57E5D8659890}.Release|Any CPU.Build.0 = Release|Any CPU
		{B4695F44-061D-4522-ACF3-BD57A728B19F}.Debug|Any CPU.ActiveCfg = Debug|Any CPU
		{B4695F44-061D-4522-ACF3-BD57A728B19F}.Debug|Any CPU.Build.0 = Debug|Any CPU
		{B4695F44-061D-4522-ACF3-BD57A728B19F}.Release|Any CPU.ActiveCfg = Release|Any CPU
		{B4695F44-061D-4522-ACF3-BD57A728B19F}.Release|Any CPU.Build.0 = Release|Any CPU
		{361124C8-CBCD-463D-B447-6DA1FC6E52E6}.Debug|Any CPU.ActiveCfg = Debug|Any CPU
		{361124C8-CBCD-463D-B447-6DA1FC6E52E6}.Debug|Any CPU.Build.0 = Debug|Any CPU
		{361124C8-CBCD-463D-B447-6DA1FC6E52E6}.Release|Any CPU.ActiveCfg = Release|Any CPU
		{361124C8-CBCD-463D-B447-6DA1FC6E52E6}.Release|Any CPU.Build.0 = Release|Any CPU
	EndGlobalSection
	GlobalSection(SolutionProperties) = preSolution
		HideSolutionNode = FALSE
	EndGlobalSection
	GlobalSection(ExtensibilityGlobals) = postSolution
		SolutionGuid = {16C6B5F8-9855-4B2E-9C91-D9E4C8A8FC04}
	EndGlobalSection
EndGlobal
