
Microsoft Visual Studio Solution File, Format Version 12.00
# Visual Studio Version 17
VisualStudioVersion = 17.4.33122.133
MinimumVisualStudioVersion = 10.0.40219.1
Project("{FAE04EC0-301F-11D3-BF4B-00C04F79EFBC}") = "Singleton", "DesignPattern\Singleton.csproj", "{985D4821-F316-4803-AAAD-2C8E9DBA6DFF}"
EndProject
Project("{FAE04EC0-301F-11D3-BF4B-00C04F79EFBC}") = "Facade", "Facade\Facade.csproj", "{B18218DC-8F1B-4D4A-9725-948994228AE7}"
EndProject
Project("{FAE04EC0-301F-11D3-BF4B-00C04F79EFBC}") = "Command Pattern", "Command Pattern\Command Pattern.csproj", "{DA06DC0F-7461-4574-B1B4-D33CC956A7AE}"
EndProject
Global
	GlobalSection(SolutionConfigurationPlatforms) = preSolution
		Debug|Any CPU = Debug|Any CPU
		Release|Any CPU = Release|Any CPU
	EndGlobalSection
	GlobalSection(ProjectConfigurationPlatforms) = postSolution
		{985D4821-F316-4803-AAAD-2C8E9DBA6DFF}.Debug|Any CPU.ActiveCfg = Debug|Any CPU
		{985D4821-F316-4803-AAAD-2C8E9DBA6DFF}.Debug|Any CPU.Build.0 = Debug|Any CPU
		{985D4821-F316-4803-AAAD-2C8E9DBA6DFF}.Release|Any CPU.ActiveCfg = Release|Any CPU
		{985D4821-F316-4803-AAAD-2C8E9DBA6DFF}.Release|Any CPU.Build.0 = Release|Any CPU
		{B18218DC-8F1B-4D4A-9725-948994228AE7}.Debug|Any CPU.ActiveCfg = Debug|Any CPU
		{B18218DC-8F1B-4D4A-9725-948994228AE7}.Debug|Any CPU.Build.0 = Debug|Any CPU
		{B18218DC-8F1B-4D4A-9725-948994228AE7}.Release|Any CPU.ActiveCfg = Release|Any CPU
		{B18218DC-8F1B-4D4A-9725-948994228AE7}.Release|Any CPU.Build.0 = Release|Any CPU
		{DA06DC0F-7461-4574-B1B4-D33CC956A7AE}.Debug|Any CPU.ActiveCfg = Debug|Any CPU
		{DA06DC0F-7461-4574-B1B4-D33CC956A7AE}.Debug|Any CPU.Build.0 = Debug|Any CPU
		{DA06DC0F-7461-4574-B1B4-D33CC956A7AE}.Release|Any CPU.ActiveCfg = Release|Any CPU
		{DA06DC0F-7461-4574-B1B4-D33CC956A7AE}.Release|Any CPU.Build.0 = Release|Any CPU
	EndGlobalSection
	GlobalSection(SolutionProperties) = preSolution
		HideSolutionNode = FALSE
	EndGlobalSection
	GlobalSection(ExtensibilityGlobals) = postSolution
		SolutionGuid = {EA3A1D58-F882-4024-80E9-17161CBCB206}
	EndGlobalSection
EndGlobal
