
Microsoft Visual Studio Solution File, Format Version 12.00
# Visual Studio Version 17
VisualStudioVersion = 17.4.33122.133
MinimumVisualStudioVersion = 10.0.40219.1
Project("{9A19103F-16F7-4668-BE54-9A1E7A4F7556}") = "1.Vehicles", "1.Vehicles\1.Vehicles.csproj", "{0A9E3A09-39AA-4003-BD61-8F9B81B4F237}"
EndProject
Project("{9A19103F-16F7-4668-BE54-9A1E7A4F7556}") = "3.Raiding", "3.Raiding\3.Raiding.csproj", "{37281DB0-3FB5-4AB1-A9F2-28F38AAB380A}"
EndProject
Project("{FAE04EC0-301F-11D3-BF4B-00C04F79EFBC}") = "WildFarm", "WildFarm\WildFarm.csproj", "{7ADEE794-BB40-4643-92E4-F7A45C93AB68}"
EndProject
Global
	GlobalSection(SolutionConfigurationPlatforms) = preSolution
		Debug|Any CPU = Debug|Any CPU
		Release|Any CPU = Release|Any CPU
	EndGlobalSection
	GlobalSection(ProjectConfigurationPlatforms) = postSolution
		{0A9E3A09-39AA-4003-BD61-8F9B81B4F237}.Debug|Any CPU.ActiveCfg = Debug|Any CPU
		{0A9E3A09-39AA-4003-BD61-8F9B81B4F237}.Debug|Any CPU.Build.0 = Debug|Any CPU
		{0A9E3A09-39AA-4003-BD61-8F9B81B4F237}.Release|Any CPU.ActiveCfg = Release|Any CPU
		{0A9E3A09-39AA-4003-BD61-8F9B81B4F237}.Release|Any CPU.Build.0 = Release|Any CPU
		{37281DB0-3FB5-4AB1-A9F2-28F38AAB380A}.Debug|Any CPU.ActiveCfg = Debug|Any CPU
		{37281DB0-3FB5-4AB1-A9F2-28F38AAB380A}.Debug|Any CPU.Build.0 = Debug|Any CPU
		{37281DB0-3FB5-4AB1-A9F2-28F38AAB380A}.Release|Any CPU.ActiveCfg = Release|Any CPU
		{37281DB0-3FB5-4AB1-A9F2-28F38AAB380A}.Release|Any CPU.Build.0 = Release|Any CPU
		{7ADEE794-BB40-4643-92E4-F7A45C93AB68}.Debug|Any CPU.ActiveCfg = Debug|Any CPU
		{7ADEE794-BB40-4643-92E4-F7A45C93AB68}.Debug|Any CPU.Build.0 = Debug|Any CPU
		{7ADEE794-BB40-4643-92E4-F7A45C93AB68}.Release|Any CPU.ActiveCfg = Release|Any CPU
		{7ADEE794-BB40-4643-92E4-F7A45C93AB68}.Release|Any CPU.Build.0 = Release|Any CPU
	EndGlobalSection
	GlobalSection(SolutionProperties) = preSolution
		HideSolutionNode = FALSE
	EndGlobalSection
	GlobalSection(ExtensibilityGlobals) = postSolution
		SolutionGuid = {8AE4AE6C-3E17-4BDB-9241-CCD0A3887EB0}
	EndGlobalSection
EndGlobal
